{
  "version": 1,
  "dependencies": {
    "net10.0-windows10.0.26100": {
      "CommunityToolkit.Mvvm": {
        "type": "Direct",
        "requested": "[8.4.2, )",
        "resolved": "8.4.2",
        "contentHash": "WadCzGEc2U+3e20avRLng4qNtt4zoOGWrdUISqJWrHe3/FSnrYjuM5Sb4yQb09LhkBXrrI4Zt3dLKgRMbItsrg=="
      },
      "Microsoft.Windows.SDK.BuildTools": {
        "type": "Direct",
        "requested": "[10.0.28000.2705, )",
        "resolved": "10.0.28000.2705",
        "contentHash": "TZQ96xtu7+fyFsyJCgj6Hazru0H8G1kiE1CeZLGpsqT4xKQmkxWu9yRuxYLeHJECjqEHN7duZUTcdbt8zlQ8OQ=="
      },
      "Microsoft.Windows.SDK.BuildTools.WinApp": {
        "type": "Direct",
        "requested": "[0.6.1, )",
        "resolved": "0.6.1",
        "contentHash": "Tk6ZpakRiQmaDMNl6J/aIlFOv/84FT65MzzoO0lEe0hfeObHRlx/RQxW9Zl/hx740m8qRRcV4Wt9dK91yfldkg=="
      },
      "Microsoft.WindowsAppSDK": {
        "type": "Direct",
        "requested": "[2.4.0, )",
        "resolved": "2.4.0",
        "contentHash": "sdS48CFL5EqzFB5a63Rr6qdK5l8NqmxWKJ/DXwsF8waCDLXdD8SjSnIOfpxzq4f4aUhaeXEAwVRA9rD8QvM+2g==",
        "dependencies": {
          "Microsoft.WindowsAppSDK.AI": "2.4.4",
          "Microsoft.WindowsAppSDK.Base": "2.0.4",
          "Microsoft.WindowsAppSDK.DWrite": "2.1.0",
          "Microsoft.WindowsAppSDK.Foundation": "2.3.9",
          "Microsoft.WindowsAppSDK.InteractiveExperiences": "2.1.6",
          "Microsoft.WindowsAppSDK.ML": "2.1.74",
          "Microsoft.WindowsAppSDK.Runtime": "[2.4.0]",
          "Microsoft.WindowsAppSDK.Search": "2.4.4",
          "Microsoft.WindowsAppSDK.Widgets": "2.0.5",
          "Microsoft.WindowsAppSDK.WinUI": "2.3.6"
        }
      },
      "NAudio": {
        "type": "Direct",
        "requested": "[3.1.0, )",
        "resolved": "3.1.0",
        "contentHash": "wD5UttLb5Eu/caAYPy/siDg7xf3KVkdJfMLXr+cJfAvxgh6wDnWOBxXfhYNMUiIaQRr2VPDjgPH2QIzBSP6gqw==",
        "dependencies": {
          "NAudio.Asio": "3.1.0",
          "NAudio.Core": "3.1.0",
          "NAudio.Dmo": "3.1.0",
          "NAudio.Midi": "3.1.0",
          "NAudio.Wasapi": "3.1.0",
          "NAudio.WinForms": "3.1.0",
          "NAudio.WinMM": "3.1.0"
        }
      },
      "System.Security.Cryptography.ProtectedData": {
        "type": "Direct",
        "requested": "[10.0.12, )",
        "resolved": "10.0.12",
        "contentHash": "wO0W8VDMeRJZakRySOmemAnrBZMwEFRlbfBtATxUiLf2I3IhSRnCp1Vt157NWptdE4IJ7eftd5n8q9LtaKHFTQ=="
      },
      "Microsoft.Web.WebView2": {
        "type": "Transitive",
        "resolved": "1.0.3719.77",
        "contentHash": "t+ucyKw5NTwMjsUrDF6R9Lk40lpcKQD1/HgyGFxl49tdA4h9dKlsj6FYGEmDRpFNfnTpENuTypMcdbrlkqBdDA=="
      },
      "Microsoft.Windows.AI.MachineLearning": {
        "type": "Transitive",
        "resolved": "2.1.74",
        "contentHash": "/Z1yAQ0J53eD1RrOl5anTDS0UQOgneERY//hLljwGcWeUX9ynCvOl5qUxAsfWvwsZZGcvV4WKjAvnAtA6N5i+w==",
        "dependencies": {
          "System.Numerics.Tensors": "9.0.0"
        }
      },
      "Microsoft.Windows.SDK.BuildTools.MSIX": {
        "type": "Transitive",
        "resolved": "1.7.251221100",
        "contentHash": "f4aIZJ0NUth2403oxrpR+9rxVzZVI6dabqB21u8ncnk8eJAKCs9m77E4iYAnvP1YwrRe4axz3f8+yUcttNSfEA=="
      },
      "Microsoft.WindowsAppSDK.AI": {
        "type": "Transitive",
        "resolved": "2.4.4",
        "contentHash": "nwgZKIWa97bxP3UYahv9LK1WAftzsEu3x/Ws9hCs5QG9mOf25ODrhv7BOGfYvptEhrh+XhoqCa8etSVQRr8cmw==",
        "dependencies": {
          "Microsoft.WindowsAppSDK.Base": "2.0.4",
          "Microsoft.WindowsAppSDK.Foundation": "2.3.9"
        }
      },
      "Microsoft.WindowsAppSDK.Base": {
        "type": "Transitive",
        "resolved": "2.0.4",
        "contentHash": "QXSy2llX2/Bx9dYWGUEsb10F40q94ZiDnPMzqa2/qRmTG4y9EXxGp6uHITb7c0b4FCa+6KFBlgh6D53M0QEMEg==",
        "dependencies": {
          "Microsoft.Windows.SDK.BuildTools": "10.0.26100.4654",
          "Microsoft.Windows.SDK.BuildTools.MSIX": "1.7.251221100"
        }
      },
      "Microsoft.WindowsAppSDK.DWrite": {
        "type": "Transitive",
        "resolved": "2.1.0",
        "contentHash": "dgix7NSeo7Z8SZPyrsOqYm/6OUvBveHCiVyorYecmtDYoZW26dJ6/i9yveIxgWvmFpgfKXPeIuQBCvhbetHiYg==",
        "dependencies": {
          "Microsoft.WindowsAppSDK.Base": "2.0.3"
        }
      },
      "Microsoft.WindowsAppSDK.Foundation": {
        "type": "Transitive",
        "resolved": "2.3.9",
        "contentHash": "lnfSoKvuMN2nv/NyMDWHX5u2K/tdg8AiyW+z30/YmCbJZp1k38B8/d4pKf+RjgkQbSGbIikN4irae72FXA3X5Q==",
        "dependencies": {
          "Microsoft.WindowsAppSDK.Base": "2.0.4",
          "Microsoft.WindowsAppSDK.InteractiveExperiences": "2.1.3"
        }
      },
      "Microsoft.WindowsAppSDK.InteractiveExperiences": {
        "type": "Transitive",
        "resolved": "2.1.6",
        "contentHash": "j7pyWfsXPQFTEWX22GgC6/JDzliBpwKESJzglCOv8wRJI7SmXiPdYqQnBI2gSKC1slJIpkczVdmmpvHmxPxyOw==",
        "dependencies": {
          "Microsoft.WindowsAppSDK.Base": "2.0.4"
        }
      },
      "Microsoft.WindowsAppSDK.ML": {
        "type": "Transitive",
        "resolved": "2.1.74",
        "contentHash": "9Vd1ikH+n6pbqhgmCn+zNulJ6gIp9Hz9bC++ka1Uphh2gule6HiT6Jr25N/fQoEc4I9xOTKkn3DtlcpHlcocaw==",
        "dependencies": {
          "Microsoft.Windows.AI.MachineLearning": "[2.1.74, 3.0.0)",
          "Microsoft.WindowsAppSDK.Base": "2.0.4",
          "Microsoft.WindowsAppSDK.Foundation": "2.0.21"
        }
      },
      "Microsoft.WindowsAppSDK.Runtime": {
        "type": "Transitive",
        "resolved": "2.4.0",
        "contentHash": "ioljT2/zivSWb6Hc375VPrRrauE5O49OccruHQFI23NdwGERCFBgCr1qCYhFciTxAX9hOMkJeAx0/Wo6Z5y6eg==",
        "dependencies": {
          "Microsoft.WindowsAppSDK.Base": "2.0.4"
        }
      },
      "Microsoft.WindowsAppSDK.Search": {
        "type": "Transitive",
        "resolved": "2.4.4",
        "contentHash": "3IXnSBTBBQpqp3B+0R5FUEzcAHFwq4DVEDukVdqk3nP+X4LA10yPLO/uQgDaxtDxwhMJcEXX3vrKFdQTWSAOwg==",
        "dependencies": {
          "Microsoft.WindowsAppSDK.AI": "[2.4.4]",
          "Microsoft.WindowsAppSDK.Base": "2.0.4",
          "Microsoft.WindowsAppSDK.Foundation": "2.3.9"
        }
      },
      "Microsoft.WindowsAppSDK.Widgets": {
        "type": "Transitive",
        "resolved": "2.0.5",
        "contentHash": "lRz+8+QU65gV8hRzLVE+GRsPKZ42lnzqkmsw96HzQd/DuFYfr4JYpUU7ZZ5YrkV2EfQe4BCmoRKAeZ3WwalMcg==",
        "dependencies": {
          "Microsoft.WindowsAppSDK.Base": "2.0.3"
        }
      },
      "Microsoft.WindowsAppSDK.WinUI": {
        "type": "Transitive",
        "resolved": "2.3.6",
        "contentHash": "01ImKF+wYm2aehRWS2GpKeoBL1RutDcJOUSTSo3fkLjOSr+gKPcUGDAtIUwZcQTvHWOct6hT1jKIdyxbJIhpBA==",
        "dependencies": {
          "Microsoft.Web.WebView2": "1.0.3719.77",
          "Microsoft.WindowsAppSDK.Base": "2.0.4",
          "Microsoft.WindowsAppSDK.Foundation": "2.3.9",
          "Microsoft.WindowsAppSDK.InteractiveExperiences": "2.1.3"
        }
      },
      "NAudio.Asio": {
        "type": "Transitive",
        "resolved": "3.1.0",
        "contentHash": "v+ZgbdCaE/XyhByYNC+xgNdRNWy43GHWYJ+fLrXwjOLXYUToq45G5EGzdqlY//3KsX1zuVn+mU+SBBZ744zK6g==",
        "dependencies": {
          "NAudio.Core": "3.1.0"
        }
      },
      "NAudio.Core": {
        "type": "Transitive",
        "resolved": "3.1.0",
        "contentHash": "8Hrd3Uqb2wEB64eZYF+0vl9xBadeSn6JnFDsHuGrw87ucJ+pB7u5NzVpHl8OlCNvIvH+sD9b2h4JOqXBuZGYwg==",
        "dependencies": {
          "System.Numerics.Tensors": "9.0.0"
        }
      },
      "NAudio.Dmo": {
        "type": "Transitive",
        "resolved": "3.1.0",
        "contentHash": "XhVjBgIyj6qnZRfeGS2CkL6mffRLnT4WK/hAoNGZsqJK1p+XpWe0nFbUA+6Cmgj18oLoHYk2KouPw/Q94mTCnA==",
        "dependencies": {
          "NAudio.Core": "3.1.0"
        }
      },
      "NAudio.Midi": {
        "type": "Transitive",
        "resolved": "3.1.0",
        "contentHash": "McIiQyY5o0Q3QlF5oRm+b0A8IE0SorA/9HvNi88bH3MdSnGp7cM/9sze/zqbS/9PFdKYVRZPtoLwqoAF4BgjeA==",
        "dependencies": {
          "NAudio.Core": "3.1.0"
        }
      },
      "NAudio.Wasapi": {
        "type": "Transitive",
        "resolved": "3.1.0",
        "contentHash": "iTG+oBJaiID344yz84PrTiVF98av5SsuOUu7ICskcUd6f5ShHDMskG9sE4XUM05Vdlwy88bMQDDC3e+85Mv8yw==",
        "dependencies": {
          "NAudio.Core": "3.1.0"
        }
      },
      "NAudio.WinForms": {
        "type": "Transitive",
        "resolved": "3.1.0",
        "contentHash": "oIjQu3bp9QtAB6wAf04pgeDUce+dIrSDcvNp689e/xYStyktG33nY2GwW7d1mS2zDAeA/YhUjY5DkakDWs9+1w==",
        "dependencies": {
          "NAudio.WinMM": "3.1.0"
        }
      },
      "NAudio.WinMM": {
        "type": "Transitive",
        "resolved": "3.1.0",
        "contentHash": "2LXIZwBQKxDZP+GvTvC9zrHiF0LQ3lvTi5dqgS175hY/bOtqFlDRRhzEnVv/lLFlQ+a1I/ZQ3m6CclTvztkf6A==",
        "dependencies": {
          "NAudio.Core": "3.1.0",
          "NAudio.Midi": "3.1.0"
        }
      },
      "System.Numerics.Tensors": {
        "type": "Transitive",
        "resolved": "9.0.0",
        "contentHash": "hyJB4UlpAi19Xr9AXzu2NuagKC4lPfHObNMEAA0HmqFz2rX7wKgzeYzO/jM/eBHDhnUGFFEjk5cOoJaxqg5J4A=="
      }
    },
    "net10.0-windows10.0.26100/win-x64": {
      "Microsoft.Web.WebView2": {
        "type": "Transitive",
        "resolved": "1.0.3719.77",
        "contentHash": "t+ucyKw5NTwMjsUrDF6R9Lk40lpcKQD1/HgyGFxl49tdA4h9dKlsj6FYGEmDRpFNfnTpENuTypMcdbrlkqBdDA=="
      },
      "Microsoft.Windows.AI.MachineLearning": {
        "type": "Transitive",
        "resolved": "2.1.74",
        "contentHash": "/Z1yAQ0J53eD1RrOl5anTDS0UQOgneERY//hLljwGcWeUX9ynCvOl5qUxAsfWvwsZZGcvV4WKjAvnAtA6N5i+w==",
        "dependencies": {
          "System.Numerics.Tensors": "9.0.0"
        }
      },
      "Microsoft.WindowsAppSDK.Foundation": {
        "type": "Transitive",
        "resolved": "2.3.9",
        "contentHash": "lnfSoKvuMN2nv/NyMDWHX5u2K/tdg8AiyW+z30/YmCbJZp1k38B8/d4pKf+RjgkQbSGbIikN4irae72FXA3X5Q==",
        "dependencies": {
          "Microsoft.WindowsAppSDK.Base": "2.0.4",
          "Microsoft.WindowsAppSDK.InteractiveExperiences": "2.1.3"
        }
      }
    }
  }
}