// !$*UTF8*$!
{
 archiveVersion = 1;
 objectVersion = 77;
 objects = {
  1 = {isa = PBXProject; attributes = {LastSwiftUpdateCheck = 2600;}; buildConfigurationList = 10; compatibilityVersion = "Xcode 3.2"; developmentRegion = en; hasScannedForEncodings = 0; mainGroup = 2; productRefGroup = 3; projectDirPath = ""; projectRoot = ""; targets = (5,); };
  2 = {isa = PBXGroup; children = (3,8); sourceTree = "<group>"; };
  3 = {isa = PBXGroup; children = (4); name = Products; sourceTree = "<group>"; };
  4 = {isa = PBXFileReference; explicitFileType = wrapper.application; includeInIndex = 0; path = Echo.app; sourceTree = BUILT_PRODUCTS_DIR; };
  5 = {isa = PBXNativeTarget; buildConfigurationList = 11; buildPhases = (12,13,14); buildRules = (); dependencies = (); name = Echo; productName = Echo; productReference = 4; productType = "com.apple.product-type.application"; };
  6 = {isa = PBXFileReference; lastKnownFileType = sourcecode.swift; path = EchoMacApp.swift; sourceTree = "<group>"; };
  7 = {isa = PBXFileReference; lastKnownFileType = text.plist.xml; path = Info.plist; sourceTree = "<group>"; };
  8 = {isa = PBXGroup; children = (6,7); name = Echo; path = .; sourceTree = "<group>"; };
  9 = {isa = PBXBuildFile; fileRef = 6; };
  10 = {isa = XCConfigurationList; buildConfigurations = (15,16); defaultConfigurationIsVisible = 0; defaultConfigurationName = Release; };
  11 = {isa = XCConfigurationList; buildConfigurations = (17,18); defaultConfigurationIsVisible = 0; defaultConfigurationName = Release; };
  12 = {isa = PBXSourcesBuildPhase; buildActionMask = 2147483647; files = (9); runOnlyForDeploymentPostprocessing = 0; };
  13 = {isa = PBXResourcesBuildPhase; buildActionMask = 2147483647; files = (); runOnlyForDeploymentPostprocessing = 0; };
  14 = {isa = PBXFrameworksBuildPhase; buildActionMask = 2147483647; files = (); runOnlyForDeploymentPostprocessing = 0; };
  15 = {isa = XCBuildConfiguration; buildSettings = { ALWAYS_SEARCH_USER_PATHS = NO; SDKROOT = macosx; }; name = Debug; };
  16 = {isa = XCBuildConfiguration; buildSettings = { ALWAYS_SEARCH_USER_PATHS = NO; SDKROOT = macosx; }; name = Release; };
  17 = {isa = XCBuildConfiguration; buildSettings = { CODE_SIGN_IDENTITY = "-"; INFOPLIST_FILE = Info.plist; MACOSX_DEPLOYMENT_TARGET = 15.0; PRODUCT_BUNDLE_IDENTIFIER = local.echo.subtitle; PRODUCT_NAME = Echo; SWIFT_VERSION = 5.0; }; name = Debug; };
  18 = {isa = XCBuildConfiguration; buildSettings = { CODE_SIGN_IDENTITY = "-"; INFOPLIST_FILE = Info.plist; MACOSX_DEPLOYMENT_TARGET = 15.0; PRODUCT_BUNDLE_IDENTIFIER = local.echo.subtitle; PRODUCT_NAME = Echo; SWIFT_VERSION = 5.0; }; name = Release; };
 };
 rootObject = 1;
}
