// !$*UTF8*$!
{
	archiveVersion = 1;
	classes = {
	};
	objectVersion = 46;
	objects = {

/* Begin PBXBuildFile section */
		9 /* EchoMacApp.swift in Sources */ = {isa = PBXBuildFile; fileRef = 6 /* EchoMacApp.swift */; };
/* End PBXBuildFile section */

/* Begin PBXFileReference section */
		4 /* Echo.app */ = {isa = PBXFileReference; explicitFileType = wrapper.application; includeInIndex = 0; path = Echo.app; sourceTree = BUILT_PRODUCTS_DIR; };
		6 /* EchoMacApp.swift */ = {isa = PBXFileReference; lastKnownFileType = sourcecode.swift; path = EchoMacApp.swift; sourceTree = "<group>"; };
		7 /* Info.plist */ = {isa = PBXFileReference; lastKnownFileType = text.plist.xml; path = Info.plist; sourceTree = "<group>"; };
/* End PBXFileReference section */

/* Begin PBXFrameworksBuildPhase section */
		14 /* Frameworks */ = {
			isa = PBXFrameworksBuildPhase;
			buildActionMask = 2147483647;
			files = (
			);
			runOnlyForDeploymentPostprocessing = 0;
		};
/* End PBXFrameworksBuildPhase section */

/* Begin PBXGroup section */
		2 = {
			isa = PBXGroup;
			children = (
				3 /* Products */,
				8 /* Echo */,
			);
			sourceTree = "<group>";
		};
		3 /* Products */ = {
			isa = PBXGroup;
			children = (
				4 /* Echo.app */,
			);
			name = Products;
			sourceTree = "<group>";
		};
		8 /* Echo */ = {
			isa = PBXGroup;
			children = (
				6 /* EchoMacApp.swift */,
				7 /* Info.plist */,
			);
			name = Echo;
			path = .;
			sourceTree = "<group>";
		};
/* End PBXGroup section */

/* Begin PBXNativeTarget section */
		5 /* Echo */ = {
			isa = PBXNativeTarget;
			buildConfigurationList = 11 /* Build configuration list for PBXNativeTarget "Echo" */;
			buildPhases = (
				12 /* Sources */,
				13 /* Resources */,
				14 /* Frameworks */,
			);
			buildRules = (
			);
			dependencies = (
			);
			name = Echo;
			productName = Echo;
			productReference = 4 /* Echo.app */;
			productType = "com.apple.product-type.application";
		};
/* End PBXNativeTarget section */

/* Begin PBXProject section */
		1 /* Project object */ = {
			isa = PBXProject;
			attributes = {
				LastSwiftUpdateCheck = 2600;
				TargetAttributes = {
					5 = {
						DevelopmentTeam = DXJ366Y37V;
						ProvisioningStyle = Automatic;
					};
				};
			};
			buildConfigurationList = 10 /* Build configuration list for PBXProject "EchoMac" */;
			compatibilityVersion = "Xcode 3.2";
			developmentRegion = en;
			hasScannedForEncodings = 0;
			knownRegions = (
				en,
				Base,
			);
			mainGroup = 2;
			productRefGroup = 3 /* Products */;
			projectDirPath = "";
			projectRoot = "";
			targets = (
				5 /* Echo */,
			);
		};
/* End PBXProject section */

/* Begin PBXResourcesBuildPhase section */
		13 /* Resources */ = {
			isa = PBXResourcesBuildPhase;
			buildActionMask = 2147483647;
			files = (
			);
			runOnlyForDeploymentPostprocessing = 0;
		};
/* End PBXResourcesBuildPhase section */

/* Begin PBXSourcesBuildPhase section */
		12 /* Sources */ = {
			isa = PBXSourcesBuildPhase;
			buildActionMask = 2147483647;
			files = (
				9 /* EchoMacApp.swift in Sources */,
			);
			runOnlyForDeploymentPostprocessing = 0;
		};
/* End PBXSourcesBuildPhase section */

/* Begin XCBuildConfiguration section */
		15 /* Debug */ = {
			isa = XCBuildConfiguration;
			buildSettings = {
				ALWAYS_SEARCH_USER_PATHS = NO;
				SDKROOT = macosx;
			};
			name = Debug;
		};
		16 /* Release */ = {
			isa = XCBuildConfiguration;
			buildSettings = {
				ALWAYS_SEARCH_USER_PATHS = NO;
				SDKROOT = macosx;
			};
			name = Release;
		};
		17 /* Debug */ = {
			isa = XCBuildConfiguration;
			buildSettings = {
				CODE_SIGN_IDENTITY = "Apple Development";
				CODE_SIGN_STYLE = Automatic;
				DEVELOPMENT_TEAM = DXJ366Y37V;
				INFOPLIST_FILE = Info.plist;
				MACOSX_DEPLOYMENT_TARGET = 15.0;
				PRODUCT_BUNDLE_IDENTIFIER = local.echo.subtitle;
				PRODUCT_NAME = Echo;
				PROVISIONING_PROFILE_SPECIFIER = "";
				SWIFT_VERSION = 5.0;
			};
			name = Debug;
		};
		18 /* Release */ = {
			isa = XCBuildConfiguration;
			buildSettings = {
				CODE_SIGN_IDENTITY = "Apple Development";
				CODE_SIGN_STYLE = Automatic;
				DEVELOPMENT_TEAM = DXJ366Y37V;
				INFOPLIST_FILE = Info.plist;
				MACOSX_DEPLOYMENT_TARGET = 15.0;
				PRODUCT_BUNDLE_IDENTIFIER = local.echo.subtitle;
				PRODUCT_NAME = Echo;
				PROVISIONING_PROFILE_SPECIFIER = "";
				SWIFT_VERSION = 5.0;
			};
			name = Release;
		};
/* End XCBuildConfiguration section */

/* Begin XCConfigurationList section */
		10 /* Build configuration list for PBXProject "EchoMac" */ = {
			isa = XCConfigurationList;
			buildConfigurations = (
				15 /* Debug */,
				16 /* Release */,
			);
			defaultConfigurationIsVisible = 0;
			defaultConfigurationName = Release;
		};
		11 /* Build configuration list for PBXNativeTarget "Echo" */ = {
			isa = XCConfigurationList;
			buildConfigurations = (
				17 /* Debug */,
				18 /* Release */,
			);
			defaultConfigurationIsVisible = 0;
			defaultConfigurationName = Release;
		};
/* End XCConfigurationList section */
	};
	rootObject = 1 /* Project object */;
}
